
Microsoft Visual Studio Solution File, Format Version 12.00
# Visual Studio Version 17
VisualStudioVersion = 17.7.34031.279
MinimumVisualStudioVersion = 10.0.40219.1
Project("{888888A0-9F3D-457C-B088-3A5042F75D52}") = "Square Pool", "Square Pool\Square Pool.pyproj", "{768BBB6D-AC01-4017-BAEC-D4509D672F55}"
EndProject
Global
	GlobalSection(SolutionConfigurationPlatforms) = preSolution
		Debug|Any CPU = Debug|Any CPU
		Release|Any CPU = Release|Any CPU
	EndGlobalSection
	GlobalSection(ProjectConfigurationPlatforms) = postSolution
		{768BBB6D-AC01-4017-BAEC-D4509D672F55}.Debug|Any CPU.ActiveCfg = Debug|Any CPU
		{768BBB6D-AC01-4017-BAEC-D4509D672F55}.Release|Any CPU.ActiveCfg = Release|Any CPU
	EndGlobalSection
	GlobalSection(SolutionProperties) = preSolution
		HideSolutionNode = FALSE
	EndGlobalSection
	GlobalSection(ExtensibilityGlobals) = postSolution
		SolutionGuid = {6D17A86A-B8D1-491A-915F-090491726232}
	EndGlobalSection
EndGlobal
